
Microsoft Visual Studio Solution File, Format Version 12.00
# Visual Studio 15
Project("{FAE04EC0-301F-11D3-BF4B-00C04F79EFBC}") = "Assembly-CSharp", "Assembly-CSharp.csproj", "{4DC9D03A-0107-F7A6-AE08-B5FC588ED031}"
EndProject
Project("{FAE04EC0-301F-11D3-BF4B-00C04F79EFBC}") = "QFSW.QC.Grammar", "QFSW.QC.Grammar.csproj", "{A2BE55B1-4ACB-F08C-C1F9-530EC7DD5867}"
EndProject
Project("{FAE04EC0-301F-11D3-BF4B-00C04F79EFBC}") = "QFSW.QC", "QFSW.QC.csproj", "{D0A55E69-E930-3C9D-75D3-5F02A44E9D1E}"
EndProject
Project("{FAE04EC0-301F-11D3-BF4B-00C04F79EFBC}") = "QFSW.QC.Suggestors", "QFSW.QC.Suggestors.csproj", "{85FBBF97-9455-3F75-F41A-23106A3AF7BA}"
EndProject
Project("{FAE04EC0-301F-11D3-BF4B-00C04F79EFBC}") = "QFSW.QC.Extras", "QFSW.QC.Extras.csproj", "{83C655B2-3391-6B9E-FD26-30286284460B}"
EndProject
Project("{FAE04EC0-301F-11D3-BF4B-00C04F79EFBC}") = "QFSW.QC.Serializers", "QFSW.QC.Serializers.csproj", "{79A4831B-3F58-EE16-82F0-66F4157C7ABC}"
EndProject
Project("{FAE04EC0-301F-11D3-BF4B-00C04F79EFBC}") = "QFSW.QC.UI", "QFSW.QC.UI.csproj", "{C2A9F0BE-BD05-C6B8-3333-87C7F92A0C86}"
EndProject
Project("{FAE04EC0-301F-11D3-BF4B-00C04F79EFBC}") = "AYellowpaper.SerializedCollections", "AYellowpaper.SerializedCollections.csproj", "{0EF760E5-D21D-696D-8F00-B7E9CBB2D53D}"
EndProject
Project("{FAE04EC0-301F-11D3-BF4B-00C04F79EFBC}") = "Assembly-CSharp-firstpass", "Assembly-CSharp-firstpass.csproj", "{ED56C0F8-D166-5A15-4C15-7FED1D64B54D}"
EndProject
Project("{FAE04EC0-301F-11D3-BF4B-00C04F79EFBC}") = "QFSW.QC.Demo", "QFSW.QC.Demo.csproj", "{488D2F36-B0A4-31D2-F1CE-105D4EF94367}"
EndProject
Project("{FAE04EC0-301F-11D3-BF4B-00C04F79EFBC}") = "QFSW.QC.Parsers", "QFSW.QC.Parsers.csproj", "{D9217700-7D4A-8C7A-754B-9434058D483E}"
EndProject
Project("{FAE04EC0-301F-11D3-BF4B-00C04F79EFBC}") = "QFSW.QC.ScanRules", "QFSW.QC.ScanRules.csproj", "{D360A5CD-ACFA-1551-2889-47BDEB2407D0}"
EndProject
Project("{FAE04EC0-301F-11D3-BF4B-00C04F79EFBC}") = "QFSW.QC.QGUI", "QFSW.QC.QGUI.csproj", "{66472742-90D7-10F7-700C-D0B01AF5A4FD}"
EndProject
Project("{FAE04EC0-301F-11D3-BF4B-00C04F79EFBC}") = "QFSW.QC.Editor", "QFSW.QC.Editor.csproj", "{4C951F52-6FDC-1B92-B25A-1A59BBA33031}"
EndProject
Project("{FAE04EC0-301F-11D3-BF4B-00C04F79EFBC}") = "AYellowpaper.SerializedCollections.Editor", "AYellowpaper.SerializedCollections.Editor.csproj", "{8320C056-1CB2-A2F1-86B0-737C0AD442B5}"
EndProject
Project("{FAE04EC0-301F-11D3-BF4B-00C04F79EFBC}") = "Assembly-CSharp-Editor", "Assembly-CSharp-Editor.csproj", "{313AB69A-378B-50B0-7690-3B027393BA72}"
EndProject
Project("{FAE04EC0-301F-11D3-BF4B-00C04F79EFBC}") = "QFSW.QC.Editor.Tools", "QFSW.QC.Editor.Tools.csproj", "{BE6E722E-08BD-C62E-FEBB-F9B1F0AC085A}"
EndProject
Global
	GlobalSection(SolutionConfigurationPlatforms) = preSolution
		Debug|Any CPU = Debug|Any CPU
		Release|Any CPU = Release|Any CPU
	EndGlobalSection
	GlobalSection(ProjectConfigurationPlatforms) = postSolution
		{4DC9D03A-0107-F7A6-AE08-B5FC588ED031}.Debug|Any CPU.ActiveCfg = Debug|Any CPU
		{4DC9D03A-0107-F7A6-AE08-B5FC588ED031}.Debug|Any CPU.Build.0 = Debug|Any CPU
		{4DC9D03A-0107-F7A6-AE08-B5FC588ED031}.Release|Any CPU.ActiveCfg = Release|Any CPU
		{4DC9D03A-0107-F7A6-AE08-B5FC588ED031}.Release|Any CPU.Build.0 = Release|Any CPU
		{A2BE55B1-4ACB-F08C-C1F9-530EC7DD5867}.Debug|Any CPU.ActiveCfg = Debug|Any CPU
		{A2BE55B1-4ACB-F08C-C1F9-530EC7DD5867}.Debug|Any CPU.Build.0 = Debug|Any CPU
		{A2BE55B1-4ACB-F08C-C1F9-530EC7DD5867}.Release|Any CPU.ActiveCfg = Release|Any CPU
		{A2BE55B1-4ACB-F08C-C1F9-530EC7DD5867}.Release|Any CPU.Build.0 = Release|Any CPU
		{D0A55E69-E930-3C9D-75D3-5F02A44E9D1E}.Debug|Any CPU.ActiveCfg = Debug|Any CPU
		{D0A55E69-E930-3C9D-75D3-5F02A44E9D1E}.Debug|Any CPU.Build.0 = Debug|Any CPU
		{D0A55E69-E930-3C9D-75D3-5F02A44E9D1E}.Release|Any CPU.ActiveCfg = Release|Any CPU
		{D0A55E69-E930-3C9D-75D3-5F02A44E9D1E}.Release|Any CPU.Build.0 = Release|Any CPU
		{85FBBF97-9455-3F75-F41A-23106A3AF7BA}.Debug|Any CPU.ActiveCfg = Debug|Any CPU
		{85FBBF97-9455-3F75-F41A-23106A3AF7BA}.Debug|Any CPU.Build.0 = Debug|Any CPU
		{85FBBF97-9455-3F75-F41A-23106A3AF7BA}.Release|Any CPU.ActiveCfg = Release|Any CPU
		{85FBBF97-9455-3F75-F41A-23106A3AF7BA}.Release|Any CPU.Build.0 = Release|Any CPU
		{83C655B2-3391-6B9E-FD26-30286284460B}.Debug|Any CPU.ActiveCfg = Debug|Any CPU
		{83C655B2-3391-6B9E-FD26-30286284460B}.Debug|Any CPU.Build.0 = Debug|Any CPU
		{83C655B2-3391-6B9E-FD26-30286284460B}.Release|Any CPU.ActiveCfg = Release|Any CPU
		{83C655B2-3391-6B9E-FD26-30286284460B}.Release|Any CPU.Build.0 = Release|Any CPU
		{79A4831B-3F58-EE16-82F0-66F4157C7ABC}.Debug|Any CPU.ActiveCfg = Debug|Any CPU
		{79A4831B-3F58-EE16-82F0-66F4157C7ABC}.Debug|Any CPU.Build.0 = Debug|Any CPU
		{79A4831B-3F58-EE16-82F0-66F4157C7ABC}.Release|Any CPU.ActiveCfg = Release|Any CPU
		{79A4831B-3F58-EE16-82F0-66F4157C7ABC}.Release|Any CPU.Build.0 = Release|Any CPU
		{C2A9F0BE-BD05-C6B8-3333-87C7F92A0C86}.Debug|Any CPU.ActiveCfg = Debug|Any CPU
		{C2A9F0BE-BD05-C6B8-3333-87C7F92A0C86}.Debug|Any CPU.Build.0 = Debug|Any CPU
		{C2A9F0BE-BD05-C6B8-3333-87C7F92A0C86}.Release|Any CPU.ActiveCfg = Release|Any CPU
		{C2A9F0BE-BD05-C6B8-3333-87C7F92A0C86}.Release|Any CPU.Build.0 = Release|Any CPU
		{0EF760E5-D21D-696D-8F00-B7E9CBB2D53D}.Debug|Any CPU.ActiveCfg = Debug|Any CPU
		{0EF760E5-D21D-696D-8F00-B7E9CBB2D53D}.Debug|Any CPU.Build.0 = Debug|Any CPU
		{0EF760E5-D21D-696D-8F00-B7E9CBB2D53D}.Release|Any CPU.ActiveCfg = Release|Any CPU
		{0EF760E5-D21D-696D-8F00-B7E9CBB2D53D}.Release|Any CPU.Build.0 = Release|Any CPU
		{ED56C0F8-D166-5A15-4C15-7FED1D64B54D}.Debug|Any CPU.ActiveCfg = Debug|Any CPU
		{ED56C0F8-D166-5A15-4C15-7FED1D64B54D}.Debug|Any CPU.Build.0 = Debug|Any CPU
		{ED56C0F8-D166-5A15-4C15-7FED1D64B54D}.Release|Any CPU.ActiveCfg = Release|Any CPU
		{ED56C0F8-D166-5A15-4C15-7FED1D64B54D}.Release|Any CPU.Build.0 = Release|Any CPU
		{488D2F36-B0A4-31D2-F1CE-105D4EF94367}.Debug|Any CPU.ActiveCfg = Debug|Any CPU
		{488D2F36-B0A4-31D2-F1CE-105D4EF94367}.Debug|Any CPU.Build.0 = Debug|Any CPU
		{488D2F36-B0A4-31D2-F1CE-105D4EF94367}.Release|Any CPU.ActiveCfg = Release|Any CPU
		{488D2F36-B0A4-31D2-F1CE-105D4EF94367}.Release|Any CPU.Build.0 = Release|Any CPU
		{D9217700-7D4A-8C7A-754B-9434058D483E}.Debug|Any CPU.ActiveCfg = Debug|Any CPU
		{D9217700-7D4A-8C7A-754B-9434058D483E}.Debug|Any CPU.Build.0 = Debug|Any CPU
		{D9217700-7D4A-8C7A-754B-9434058D483E}.Release|Any CPU.ActiveCfg = Release|Any CPU
		{D9217700-7D4A-8C7A-754B-9434058D483E}.Release|Any CPU.Build.0 = Release|Any CPU
		{D360A5CD-ACFA-1551-2889-47BDEB2407D0}.Debug|Any CPU.ActiveCfg = Debug|Any CPU
		{D360A5CD-ACFA-1551-2889-47BDEB2407D0}.Debug|Any CPU.Build.0 = Debug|Any CPU
		{D360A5CD-ACFA-1551-2889-47BDEB2407D0}.Release|Any CPU.ActiveCfg = Release|Any CPU
		{D360A5CD-ACFA-1551-2889-47BDEB2407D0}.Release|Any CPU.Build.0 = Release|Any CPU
		{66472742-90D7-10F7-700C-D0B01AF5A4FD}.Debug|Any CPU.ActiveCfg = Debug|Any CPU
		{66472742-90D7-10F7-700C-D0B01AF5A4FD}.Debug|Any CPU.Build.0 = Debug|Any CPU
		{66472742-90D7-10F7-700C-D0B01AF5A4FD}.Release|Any CPU.ActiveCfg = Release|Any CPU
		{66472742-90D7-10F7-700C-D0B01AF5A4FD}.Release|Any CPU.Build.0 = Release|Any CPU
		{4C951F52-6FDC-1B92-B25A-1A59BBA33031}.Debug|Any CPU.ActiveCfg = Debug|Any CPU
		{4C951F52-6FDC-1B92-B25A-1A59BBA33031}.Debug|Any CPU.Build.0 = Debug|Any CPU
		{4C951F52-6FDC-1B92-B25A-1A59BBA33031}.Release|Any CPU.ActiveCfg = Release|Any CPU
		{4C951F52-6FDC-1B92-B25A-1A59BBA33031}.Release|Any CPU.Build.0 = Release|Any CPU
		{8320C056-1CB2-A2F1-86B0-737C0AD442B5}.Debug|Any CPU.ActiveCfg = Debug|Any CPU
		{8320C056-1CB2-A2F1-86B0-737C0AD442B5}.Debug|Any CPU.Build.0 = Debug|Any CPU
		{8320C056-1CB2-A2F1-86B0-737C0AD442B5}.Release|Any CPU.ActiveCfg = Release|Any CPU
		{8320C056-1CB2-A2F1-86B0-737C0AD442B5}.Release|Any CPU.Build.0 = Release|Any CPU
		{313AB69A-378B-50B0-7690-3B027393BA72}.Debug|Any CPU.ActiveCfg = Debug|Any CPU
		{313AB69A-378B-50B0-7690-3B027393BA72}.Debug|Any CPU.Build.0 = Debug|Any CPU
		{313AB69A-378B-50B0-7690-3B027393BA72}.Release|Any CPU.ActiveCfg = Release|Any CPU
		{313AB69A-378B-50B0-7690-3B027393BA72}.Release|Any CPU.Build.0 = Release|Any CPU
		{BE6E722E-08BD-C62E-FEBB-F9B1F0AC085A}.Debug|Any CPU.ActiveCfg = Debug|Any CPU
		{BE6E722E-08BD-C62E-FEBB-F9B1F0AC085A}.Debug|Any CPU.Build.0 = Debug|Any CPU
		{BE6E722E-08BD-C62E-FEBB-F9B1F0AC085A}.Release|Any CPU.ActiveCfg = Release|Any CPU
		{BE6E722E-08BD-C62E-FEBB-F9B1F0AC085A}.Release|Any CPU.Build.0 = Release|Any CPU
	EndGlobalSection
	GlobalSection(SolutionProperties) = preSolution
		HideSolutionNode = FALSE
	EndGlobalSection
EndGlobal
